
Microsoft Visual Studio Solution File, Format Version 12.00
# Visual Studio Version 17
VisualStudioVersion = 17.9.34622.214
MinimumVisualStudioVersion = 10.0.40219.1
Project("{FAE04EC0-301F-11D3-BF4B-00C04F79EFBC}") = "WebBanThatLung", "WebBanThatLung\WebBanThatLung.csproj", "{53DD0803-C7B8-4E0D-B810-9022B3CF24B8}"
EndProject
Global
	GlobalSection(SolutionConfigurationPlatforms) = preSolution
		Debug|Any CPU = Debug|Any CPU
		Release|Any CPU = Release|Any CPU
	EndGlobalSection
	GlobalSection(ProjectConfigurationPlatforms) = postSolution
		{53DD0803-C7B8-4E0D-B810-9022B3CF24B8}.Debug|Any CPU.ActiveCfg = Debug|Any CPU
		{53DD0803-C7B8-4E0D-B810-9022B3CF24B8}.Debug|Any CPU.Build.0 = Debug|Any CPU
		{53DD0803-C7B8-4E0D-B810-9022B3CF24B8}.Release|Any CPU.ActiveCfg = Release|Any CPU
		{53DD0803-C7B8-4E0D-B810-9022B3CF24B8}.Release|Any CPU.Build.0 = Release|Any CPU
	EndGlobalSection
	GlobalSection(SolutionProperties) = preSolution
		HideSolutionNode = FALSE
	EndGlobalSection
	GlobalSection(ExtensibilityGlobals) = postSolution
		SolutionGuid = {BD354312-2665-41B8-9590-0BF6BE3E4412}
	EndGlobalSection
EndGlobal
